
Microsoft Visual Studio Solution File, Format Version 12.00
# Visual Studio Version 17
VisualStudioVersion = 17.4.32804.182
MinimumVisualStudioVersion = 10.0.40219.1
Project("{FAE04EC0-301F-11D3-BF4B-00C04F79EFBC}") = "ErrorApi", "ErrorApi\ErrorApi.csproj", "{E26A7766-516E-4263-936C-2D566B6F10D8}"
EndProject
Project("{FAE04EC0-301F-11D3-BF4B-00C04F79EFBC}") = "CallerApi", "CallerApi\CallerApi.csproj", "{C0D96502-B400-428D-94AB-C75E51ABFF53}"
EndProject
Global
	GlobalSection(SolutionConfigurationPlatforms) = preSolution
		Debug|Any CPU = Debug|Any CPU
		Release|Any CPU = Release|Any CPU
	EndGlobalSection
	GlobalSection(ProjectConfigurationPlatforms) = postSolution
		{E26A7766-516E-4263-936C-2D566B6F10D8}.Debug|Any CPU.ActiveCfg = Debug|Any CPU
		{E26A7766-516E-4263-936C-2D566B6F10D8}.Debug|Any CPU.Build.0 = Debug|Any CPU
		{E26A7766-516E-4263-936C-2D566B6F10D8}.Release|Any CPU.ActiveCfg = Release|Any CPU
		{E26A7766-516E-4263-936C-2D566B6F10D8}.Release|Any CPU.Build.0 = Release|Any CPU
		{C0D96502-B400-428D-94AB-C75E51ABFF53}.Debug|Any CPU.ActiveCfg = Debug|Any CPU
		{C0D96502-B400-428D-94AB-C75E51ABFF53}.Debug|Any CPU.Build.0 = Debug|Any CPU
		{C0D96502-B400-428D-94AB-C75E51ABFF53}.Release|Any CPU.ActiveCfg = Release|Any CPU
		{C0D96502-B400-428D-94AB-C75E51ABFF53}.Release|Any CPU.Build.0 = Release|Any CPU
	EndGlobalSection
	GlobalSection(SolutionProperties) = preSolution
		HideSolutionNode = FALSE
	EndGlobalSection
	GlobalSection(ExtensibilityGlobals) = postSolution
		SolutionGuid = {2E807839-1148-4F11-81C0-ED997511D65C}
	EndGlobalSection
EndGlobal
